<Solution>
  <Folder Name="/src/">
    <Project Path="src/ObjectPoolLinter/ObjectPoolLinter.csproj" />
    <Project Path="src/ObjectPoolLinter.CodeFixes/ObjectPoolLinter.CodeFixes.csproj" />
    <Project Path="src/ObjectPoolLinter.Package/ObjectPoolLinter.Package.csproj" />
  </Folder>
  <Folder Name="/tests/">
    <Project Path="tests/ObjectPoolLinter.Tests/ObjectPoolLinter.Tests.csproj" />
  </Folder>
</Solution>
